
Microsoft Visual Studio Solution File, Format Version 12.00
# Visual Studio Version 16
VisualStudioVersion = 16.0.30717.126
MinimumVisualStudioVersion = 10.0.40219.1
Project("{FAE04EC0-301F-11D3-BF4B-00C04F79EFBC}") = "OpenDocsDemo", "OpenDocsDemo\OpenDocsDemo.csproj", "{BA5B6215-A44D-4CF9-9411-A2A8CE12E0D3}"
EndProject
Global
	GlobalSection(SolutionConfigurationPlatforms) = preSolution
		Debug|Any CPU = Debug|Any CPU
		Release|Any CPU = Release|Any CPU
	EndGlobalSection
	GlobalSection(ProjectConfigurationPlatforms) = postSolution
		{BA5B6215-A44D-4CF9-9411-A2A8CE12E0D3}.Debug|Any CPU.ActiveCfg = Debug|Any CPU
		{BA5B6215-A44D-4CF9-9411-A2A8CE12E0D3}.Debug|Any CPU.Build.0 = Debug|Any CPU
		{BA5B6215-A44D-4CF9-9411-A2A8CE12E0D3}.Release|Any CPU.ActiveCfg = Release|Any CPU
		{BA5B6215-A44D-4CF9-9411-A2A8CE12E0D3}.Release|Any CPU.Build.0 = Release|Any CPU
	EndGlobalSection
	GlobalSection(SolutionProperties) = preSolution
		HideSolutionNode = FALSE
	EndGlobalSection
	GlobalSection(ExtensibilityGlobals) = postSolution
		SolutionGuid = {C6A610F5-66AD-4CE6-B849-4180F0DFBDEF}
	EndGlobalSection
EndGlobal
